// !$*UTF8*$!
{
	archiveVersion = 1;
	classes = {
	};
	objectVersion = 46;
	objects = {

/* Begin PBXBuildFile section */
		D13754AB1A5DA373001D0E9E /* main.m in Sources */ = {isa = PBXBuildFile; fileRef = D13754AA1A5DA373001D0E9E /* main.m */; };
		D13754AE1A5DA373001D0E9E /* AppDelegate.m in Sources */ = {isa = PBXBuildFile; fileRef = D13754AD1A5DA373001D0E9E /* AppDelegate.m */; };
		D13754B11A5DA373001D0E9E /* Train.xcdatamodeld in Sources */ = {isa = PBXBuildFile; fileRef = D13754AF1A5DA373001D0E9E /* Train.xcdatamodeld */; };
		D13754B71A5DA373001D0E9E /* Main.storyboard in Resources */ = {isa = PBXBuildFile; fileRef = D13754B51A5DA373001D0E9E /* Main.storyboard */; };
		D13754B91A5DA373001D0E9E /* Images.xcassets in Resources */ = {isa = PBXBuildFile; fileRef = D13754B81A5DA373001D0E9E /* Images.xcassets */; };
		D13754C81A5DA373001D0E9E /* TrainTests.m in Sources */ = {isa = PBXBuildFile; fileRef = D13754C71A5DA373001D0E9E /* TrainTests.m */; };
		D17B43B71A709F8400FF682C /* CIImageRendererUtils.m in Sources */ = {isa = PBXBuildFile; fileRef = D17B438B1A709F8400FF682C /* CIImageRendererUtils.m */; };
		D17B43B81A709F8400FF682C /* SCArchivedVector.m in Sources */ = {isa = PBXBuildFile; fileRef = D17B438D1A709F8400FF682C /* SCArchivedVector.m */; };
		D17B43B91A709F8400FF682C /* SCAssetExportSession.m in Sources */ = {isa = PBXBuildFile; fileRef = D17B438F1A709F8400FF682C /* SCAssetExportSession.m */; };
		D17B43BA1A709F8400FF682C /* SCAudioConfiguration.m in Sources */ = {isa = PBXBuildFile; fileRef = D17B43911A709F8400FF682C /* SCAudioConfiguration.m */; };
		D17B43BB1A709F8400FF682C /* SCAudioTools.m in Sources */ = {isa = PBXBuildFile; fileRef = D17B43931A709F8400FF682C /* SCAudioTools.m */; };
		D17B43BC1A709F8400FF682C /* SCFilter.m in Sources */ = {isa = PBXBuildFile; fileRef = D17B43961A709F8400FF682C /* SCFilter.m */; };
		D17B43BD1A709F8400FF682C /* SCFilterGroup.m in Sources */ = {isa = PBXBuildFile; fileRef = D17B43981A709F8400FF682C /* SCFilterGroup.m */; };
		D17B43BE1A709F8400FF682C /* SCFilterSelectorView.m in Sources */ = {isa = PBXBuildFile; fileRef = D17B439A1A709F8400FF682C /* SCFilterSelectorView.m */; };
		D17B43BF1A709F8400FF682C /* SCImageView.m in Sources */ = {isa = PBXBuildFile; fileRef = D17B439D1A709F8400FF682C /* SCImageView.m */; };
		D17B43C01A709F8400FF682C /* SCMediaTypeConfiguration.m in Sources */ = {isa = PBXBuildFile; fileRef = D17B439F1A709F8400FF682C /* SCMediaTypeConfiguration.m */; };
		D17B43C11A709F8400FF682C /* SCPhotoConfiguration.m in Sources */ = {isa = PBXBuildFile; fileRef = D17B43A11A709F8400FF682C /* SCPhotoConfiguration.m */; };
		D17B43C21A709F8400FF682C /* SCPlayer.m in Sources */ = {isa = PBXBuildFile; fileRef = D17B43A31A709F8400FF682C /* SCPlayer.m */; };
		D17B43C31A709F8400FF682C /* SCRecorder.m in Sources */ = {isa = PBXBuildFile; fileRef = D17B43A51A709F8400FF682C /* SCRecorder.m */; };
		D17B43C41A709F8400FF682C /* SCRecorderFocusTargetView.m in Sources */ = {isa = PBXBuildFile; fileRef = D17B43A71A709F8400FF682C /* SCRecorderFocusTargetView.m */; };
		D17B43C51A709F8400FF682C /* SCRecorderFocusView.m in Sources */ = {isa = PBXBuildFile; fileRef = D17B43A91A709F8400FF682C /* SCRecorderFocusView.m */; };
		D17B43C61A709F8400FF682C /* SCRecorderTools.m in Sources */ = {isa = PBXBuildFile; fileRef = D17B43AB1A709F8400FF682C /* SCRecorderTools.m */; };
		D17B43C71A709F8400FF682C /* SCRecordSession.m in Sources */ = {isa = PBXBuildFile; fileRef = D17B43AD1A709F8400FF682C /* SCRecordSession.m */; };
		D17B43C81A709F8400FF682C /* SCSampleBufferHolder.m in Sources */ = {isa = PBXBuildFile; fileRef = D17B43B01A709F8400FF682C /* SCSampleBufferHolder.m */; };
		D17B43C91A709F8400FF682C /* SCSwipeableFilterView.m in Sources */ = {isa = PBXBuildFile; fileRef = D17B43B21A709F8400FF682C /* SCSwipeableFilterView.m */; };
		D17B43CA1A709F8400FF682C /* SCVideoConfiguration.m in Sources */ = {isa = PBXBuildFile; fileRef = D17B43B41A709F8400FF682C /* SCVideoConfiguration.m */; };
		D17B43CB1A709F8400FF682C /* SCVideoPlayerView.m in Sources */ = {isa = PBXBuildFile; fileRef = D17B43B61A709F8400FF682C /* SCVideoPlayerView.m */; };
		D17B43CD1A709F9F00FF682C /* CoreAudio.framework in Frameworks */ = {isa = PBXBuildFile; fileRef = D17B43CC1A709F9F00FF682C /* CoreAudio.framework */; };
		D187D2B11A9FE86100307F57 /* TrainCatagoriesSeque.m in Sources */ = {isa = PBXBuildFile; fileRef = D187D2B01A9FE86100307F57 /* TrainCatagoriesSeque.m */; };
		D187D2B31A9FEC8500307F57 /* placeholder.png in Resources */ = {isa = PBXBuildFile; fileRef = D187D2B21A9FEC8500307F57 /* placeholder.png */; };
		D188582D1A8413A400CC2B56 /* HomeViewController.m in Sources */ = {isa = PBXBuildFile; fileRef = D188582C1A8413A400CC2B56 /* HomeViewController.m */; };
		D188582F1A8415B900CC2B56 /* Twitter.framework in Frameworks */ = {isa = PBXBuildFile; fileRef = D188582E1A8415B900CC2B56 /* Twitter.framework */; };
		D18858311A8415C300CC2B56 /* Social.framework in Frameworks */ = {isa = PBXBuildFile; fileRef = D18858301A8415C300CC2B56 /* Social.framework */; };
		D18858331A8415FC00CC2B56 /* Accounts.framework in Frameworks */ = {isa = PBXBuildFile; fileRef = D18858321A8415FC00CC2B56 /* Accounts.framework */; };
		D18858351A8418E600CC2B56 /* FacebookSDK.framework in Frameworks */ = {isa = PBXBuildFile; fileRef = D18858341A8418E600CC2B56 /* FacebookSDK.framework */; };
		D18BFB231A6F43F000D1D90D /* CoreVideo.framework in Frameworks */ = {isa = PBXBuildFile; fileRef = D18BFB221A6F43F000D1D90D /* CoreVideo.framework */; };
		D18BFB261A6F444E00D1D90D /* Photos.framework in Frameworks */ = {isa = PBXBuildFile; fileRef = D18BFB241A6F444E00D1D90D /* Photos.framework */; };
		D18BFB271A6F444E00D1D90D /* PhotosUI.framework in Frameworks */ = {isa = PBXBuildFile; fileRef = D18BFB251A6F444E00D1D90D /* PhotosUI.framework */; };
		D18CAF751A5F4C7900CEDA9C /* AudioToolbox.framework in Frameworks */ = {isa = PBXBuildFile; fileRef = D18CAF741A5F4C7900CEDA9C /* AudioToolbox.framework */; };
		D18CAF771A5F4C9A00CEDA9C /* CFNetwork.framework in Frameworks */ = {isa = PBXBuildFile; fileRef = D18CAF761A5F4C9A00CEDA9C /* CFNetwork.framework */; };
		D18CAF791A5F4CAF00CEDA9C /* CoreGraphics.framework in Frameworks */ = {isa = PBXBuildFile; fileRef = D18CAF781A5F4CAF00CEDA9C /* CoreGraphics.framework */; };
		D18CAF7B1A5F4CC500CEDA9C /* CoreLocation.framework in Frameworks */ = {isa = PBXBuildFile; fileRef = D18CAF7A1A5F4CC500CEDA9C /* CoreLocation.framework */; };
		D18CAF7D1A5F4CD200CEDA9C /* MobileCoreServices.framework in Frameworks */ = {isa = PBXBuildFile; fileRef = D18CAF7C1A5F4CD200CEDA9C /* MobileCoreServices.framework */; };
		D18CAF7F1A5F4CDD00CEDA9C /* QuartzCore.framework in Frameworks */ = {isa = PBXBuildFile; fileRef = D18CAF7E1A5F4CDD00CEDA9C /* QuartzCore.framework */; };
		D18CAF811A5F4CEF00CEDA9C /* Security.framework in Frameworks */ = {isa = PBXBuildFile; fileRef = D18CAF801A5F4CEF00CEDA9C /* Security.framework */; };
		D18CAF831A5F4CF600CEDA9C /* StoreKit.framework in Frameworks */ = {isa = PBXBuildFile; fileRef = D18CAF821A5F4CF600CEDA9C /* StoreKit.framework */; };
		D18CAF851A5F4D0600CEDA9C /* SystemConfiguration.framework in Frameworks */ = {isa = PBXBuildFile; fileRef = D18CAF841A5F4D0600CEDA9C /* SystemConfiguration.framework */; };
		D18CAF871A5F4D1A00CEDA9C /* libz.dylib in Frameworks */ = {isa = PBXBuildFile; fileRef = D18CAF861A5F4D1A00CEDA9C /* libz.dylib */; };
		D18CAF891A5F4D2300CEDA9C /* libsqlite3.dylib in Frameworks */ = {isa = PBXBuildFile; fileRef = D18CAF881A5F4D2300CEDA9C /* libsqlite3.dylib */; };
		D19D53701A63383200FCAE61 /* RecordingViewController.m in Sources */ = {isa = PBXBuildFile; fileRef = D19D536F1A63383200FCAE61 /* RecordingViewController.m */; };
		D19D53841A63399C00FCAE61 /* PBJVideoPlayerController.m in Sources */ = {isa = PBXBuildFile; fileRef = D19D53741A63399C00FCAE61 /* PBJVideoPlayerController.m */; };
		D19D53851A63399C00FCAE61 /* PBJVideoView.m in Sources */ = {isa = PBXBuildFile; fileRef = D19D53761A63399C00FCAE61 /* PBJVideoView.m */; };
		D19D538D1A633A1A00FCAE61 /* AVFoundation.framework in Frameworks */ = {isa = PBXBuildFile; fileRef = D19D538C1A633A1A00FCAE61 /* AVFoundation.framework */; };
		D19D538F1A633A1F00FCAE61 /* AVKit.framework in Frameworks */ = {isa = PBXBuildFile; fileRef = D19D538E1A633A1F00FCAE61 /* AVKit.framework */; };
		D19D53951A64951B00FCAE61 /* Bolts.framework in Frameworks */ = {isa = PBXBuildFile; fileRef = D19D53901A64951B00FCAE61 /* Bolts.framework */; };
		D19D53961A64951B00FCAE61 /* Parse.framework in Frameworks */ = {isa = PBXBuildFile; fileRef = D19D53911A64951B00FCAE61 /* Parse.framework */; };
		D19D53981A64951B00FCAE61 /* ParseFacebookUtils.framework in Frameworks */ = {isa = PBXBuildFile; fileRef = D19D53931A64951B00FCAE61 /* ParseFacebookUtils.framework */; };
		D19D53991A64951B00FCAE61 /* ParseUI.framework in Frameworks */ = {isa = PBXBuildFile; fileRef = D19D53941A64951B00FCAE61 /* ParseUI.framework */; };
		D1CF80031AA76DF9008D6138 /* ActivityTableViewController.m in Sources */ = {isa = PBXBuildFile; fileRef = D1CF80021AA76DF9008D6138 /* ActivityTableViewController.m */; };
		D1CF80071AA7D279008D6138 /* JenSelterProfilePic.jpg in Resources */ = {isa = PBXBuildFile; fileRef = D1CF80051AA7D279008D6138 /* JenSelterProfilePic.jpg */; };
		D1CF80081AA7D279008D6138 /* NeeProfilePic.jpg in Resources */ = {isa = PBXBuildFile; fileRef = D1CF80061AA7D279008D6138 /* NeeProfilePic.jpg */; };
		D1CF800E1AA7D5FD008D6138 /* ActivityCustomCell.m in Sources */ = {isa = PBXBuildFile; fileRef = D1CF800D1AA7D5FD008D6138 /* ActivityCustomCell.m */; };
		D1CF80111AA7D666008D6138 /* FollowingCustomCell.m in Sources */ = {isa = PBXBuildFile; fileRef = D1CF80101AA7D666008D6138 /* FollowingCustomCell.m */; };
		D1CF80141AA7D7E6008D6138 /* FollowingTableViewController.m in Sources */ = {isa = PBXBuildFile; fileRef = D1CF80131AA7D7E6008D6138 /* FollowingTableViewController.m */; };
		D1CF80181AA7E208008D6138 /* background.png in Resources */ = {isa = PBXBuildFile; fileRef = D1CF80151AA7E208008D6138 /* background.png */; };
		D1CF80191AA7E208008D6138 /* background@2x.png in Resources */ = {isa = PBXBuildFile; fileRef = D1CF80161AA7E208008D6138 /* background@2x.png */; };
		D1CF801A1AA7E208008D6138 /* background@3x.png in Resources */ = {isa = PBXBuildFile; fileRef = D1CF80171AA7E208008D6138 /* background@3x.png */; };
		D1CF801D1AA7EC93008D6138 /* Likes.storyboard in Resources */ = {isa = PBXBuildFile; fileRef = D1CF801C1AA7EC93008D6138 /* Likes.storyboard */; };
		D1CF80201AA8B06E008D6138 /* Likes.m in Sources */ = {isa = PBXBuildFile; fileRef = D1CF801F1AA8B06E008D6138 /* Likes.m */; };
		D1CF80231AA8B0B8008D6138 /* LikesCustomView.m in Sources */ = {isa = PBXBuildFile; fileRef = D1CF80221AA8B0B8008D6138 /* LikesCustomView.m */; };
		D1CF80261AA8B459008D6138 /* LikesTableViewController.m in Sources */ = {isa = PBXBuildFile; fileRef = D1CF80251AA8B459008D6138 /* LikesTableViewController.m */; };
		D1CF802A1AA8BB3A008D6138 /* Comments.m in Sources */ = {isa = PBXBuildFile; fileRef = D1CF80291AA8BB3A008D6138 /* Comments.m */; };
		D1CF802C1AA8BB52008D6138 /* Comments.storyboard in Resources */ = {isa = PBXBuildFile; fileRef = D1CF802B1AA8BB52008D6138 /* Comments.storyboard */; };
		D1CF802F1AA8BCBF008D6138 /* CommentsCustomCell.m in Sources */ = {isa = PBXBuildFile; fileRef = D1CF802E1AA8BCBF008D6138 /* CommentsCustomCell.m */; };
		D1CF80321AA8BD28008D6138 /* CommentsTableViewController.m in Sources */ = {isa = PBXBuildFile; fileRef = D1CF80311AA8BD28008D6138 /* CommentsTableViewController.m */; };
		D1D1C2091A968E8D00C3FB2C /* Activity.m in Sources */ = {isa = PBXBuildFile; fileRef = D1D1C2081A968E8D00C3FB2C /* Activity.m */; };
		D1D4C1DB1A77E10300AA9574 /* Following.m in Sources */ = {isa = PBXBuildFile; fileRef = D1D4C1DA1A77E10300AA9574 /* Following.m */; };
		D1EA98B81A967FD1005B0FB3 /* activity.png in Resources */ = {isa = PBXBuildFile; fileRef = D1EA98B11A967FD1005B0FB3 /* activity.png */; };
		D1EA98B91A967FD1005B0FB3 /* camera.png in Resources */ = {isa = PBXBuildFile; fileRef = D1EA98B21A967FD1005B0FB3 /* camera.png */; };
		D1EA98BA1A967FD1005B0FB3 /* following.png in Resources */ = {isa = PBXBuildFile; fileRef = D1EA98B31A967FD1005B0FB3 /* following.png */; };
		D1EA98BB1A967FD1005B0FB3 /* home.png in Resources */ = {isa = PBXBuildFile; fileRef = D1EA98B41A967FD1005B0FB3 /* home.png */; };
		D1EA98BC1A967FD1005B0FB3 /* ic_launcher.png in Resources */ = {isa = PBXBuildFile; fileRef = D1EA98B51A967FD1005B0FB3 /* ic_launcher.png */; };
		D1EA98BD1A967FD1005B0FB3 /* profile.png in Resources */ = {isa = PBXBuildFile; fileRef = D1EA98B61A967FD1005B0FB3 /* profile.png */; };
		D1EA98BE1A967FD1005B0FB3 /* train.png in Resources */ = {isa = PBXBuildFile; fileRef = D1EA98B71A967FD1005B0FB3 /* train.png */; };
/* End PBXBuildFile section */

/* Begin PBXContainerItemProxy section */
		D13754C21A5DA373001D0E9E /* PBXContainerItemProxy */ = {
			isa = PBXContainerItemProxy;
			containerPortal = D137549D1A5DA372001D0E9E /* Project object */;
			proxyType = 1;
			remoteGlobalIDString = D13754A41A5DA372001D0E9E;
			remoteInfo = Train;
		};
/* End PBXContainerItemProxy section */

/* Begin PBXFileReference section */
		D13754A51A5DA372001D0E9E /* Train.app */ = {isa = PBXFileReference; explicitFileType = wrapper.application; includeInIndex = 0; path = Train.app; sourceTree = BUILT_PRODUCTS_DIR; };
		D13754A91A5DA373001D0E9E /* Info.plist */ = {isa = PBXFileReference; lastKnownFileType = text.plist.xml; path = Info.plist; sourceTree = "<group>"; };
		D13754AA1A5DA373001D0E9E /* main.m */ = {isa = PBXFileReference; lastKnownFileType = sourcecode.c.objc; path = main.m; sourceTree = "<group>"; };
		D13754AC1A5DA373001D0E9E /* AppDelegate.h */ = {isa = PBXFileReference; lastKnownFileType = sourcecode.c.h; path = AppDelegate.h; sourceTree = "<group>"; };
		D13754AD1A5DA373001D0E9E /* AppDelegate.m */ = {isa = PBXFileReference; lastKnownFileType = sourcecode.c.objc; path = AppDelegate.m; sourceTree = "<group>"; };
		D13754B01A5DA373001D0E9E /* Train.xcdatamodel */ = {isa = PBXFileReference; lastKnownFileType = wrapper.xcdatamodel; path = Train.xcdatamodel; sourceTree = "<group>"; };
		D13754B61A5DA373001D0E9E /* Base */ = {isa = PBXFileReference; lastKnownFileType = file.storyboard; name = Base; path = Base.lproj/Main.storyboard; sourceTree = "<group>"; };
		D13754B81A5DA373001D0E9E /* Images.xcassets */ = {isa = PBXFileReference; lastKnownFileType = folder.assetcatalog; path = Images.xcassets; sourceTree = "<group>"; };
		D13754C11A5DA373001D0E9E /* TrainTests.xctest */ = {isa = PBXFileReference; explicitFileType = wrapper.cfbundle; includeInIndex = 0; path = TrainTests.xctest; sourceTree = BUILT_PRODUCTS_DIR; };
		D13754C61A5DA373001D0E9E /* Info.plist */ = {isa = PBXFileReference; lastKnownFileType = text.plist.xml; path = Info.plist; sourceTree = "<group>"; };
		D13754C71A5DA373001D0E9E /* TrainTests.m */ = {isa = PBXFileReference; lastKnownFileType = sourcecode.c.objc; path = TrainTests.m; sourceTree = "<group>"; };
		D17B43891A709F8400FF682C /* CIImageRenderer.h */ = {isa = PBXFileReference; fileEncoding = 4; lastKnownFileType = sourcecode.c.h; path = CIImageRenderer.h; sourceTree = "<group>"; };
		D17B438A1A709F8400FF682C /* CIImageRendererUtils.h */ = {isa = PBXFileReference; fileEncoding = 4; lastKnownFileType = sourcecode.c.h; path = CIImageRendererUtils.h; sourceTree = "<group>"; };
		D17B438B1A709F8400FF682C /* CIImageRendererUtils.m */ = {isa = PBXFileReference; fileEncoding = 4; lastKnownFileType = sourcecode.c.objc; path = CIImageRendererUtils.m; sourceTree = "<group>"; };
		D17B438C1A709F8400FF682C /* SCArchivedVector.h */ = {isa = PBXFileReference; fileEncoding = 4; lastKnownFileType = sourcecode.c.h; path = SCArchivedVector.h; sourceTree = "<group>"; };
		D17B438D1A709F8400FF682C /* SCArchivedVector.m */ = {isa = PBXFileReference; fileEncoding = 4; lastKnownFileType = sourcecode.c.objc; path = SCArchivedVector.m; sourceTree = "<group>"; };
		D17B438E1A709F8400FF682C /* SCAssetExportSession.h */ = {isa = PBXFileReference; fileEncoding = 4; lastKnownFileType = sourcecode.c.h; path = SCAssetExportSession.h; sourceTree = "<group>"; };
		D17B438F1A709F8400FF682C /* SCAssetExportSession.m */ = {isa = PBXFileReference; fileEncoding = 4; lastKnownFileType = sourcecode.c.objc; path = SCAssetExportSession.m; sourceTree = "<group>"; };
		D17B43901A709F8400FF682C /* SCAudioConfiguration.h */ = {isa = PBXFileReference; fileEncoding = 4; lastKnownFileType = sourcecode.c.h; path = SCAudioConfiguration.h; sourceTree = "<group>"; };
		D17B43911A709F8400FF682C /* SCAudioConfiguration.m */ = {isa = PBXFileReference; fileEncoding = 4; lastKnownFileType = sourcecode.c.objc; path = SCAudioConfiguration.m; sourceTree = "<group>"; };
		D17B43921A709F8400FF682C /* SCAudioTools.h */ = {isa = PBXFileReference; fileEncoding = 4; lastKnownFileType = sourcecode.c.h; path = SCAudioTools.h; sourceTree = "<group>"; };
		D17B43931A709F8400FF682C /* SCAudioTools.m */ = {isa = PBXFileReference; fileEncoding = 4; lastKnownFileType = sourcecode.c.objc; path = SCAudioTools.m; sourceTree = "<group>"; };
		D17B43941A709F8400FF682C /* SCAudioVideoRecorder-Prefix.pch */ = {isa = PBXFileReference; fileEncoding = 4; lastKnownFileType = sourcecode.c.h; path = "SCAudioVideoRecorder-Prefix.pch"; sourceTree = "<group>"; };
		D17B43951A709F8400FF682C /* SCFilter.h */ = {isa = PBXFileReference; fileEncoding = 4; lastKnownFileType = sourcecode.c.h; path = SCFilter.h; sourceTree = "<group>"; };
		D17B43961A709F8400FF682C /* SCFilter.m */ = {isa = PBXFileReference; fileEncoding = 4; lastKnownFileType = sourcecode.c.objc; path = SCFilter.m; sourceTree = "<group>"; };
		D17B43971A709F8400FF682C /* SCFilterGroup.h */ = {isa = PBXFileReference; fileEncoding = 4; lastKnownFileType = sourcecode.c.h; path = SCFilterGroup.h; sourceTree = "<group>"; };
		D17B43981A709F8400FF682C /* SCFilterGroup.m */ = {isa = PBXFileReference; fileEncoding = 4; lastKnownFileType = sourcecode.c.objc; path = SCFilterGroup.m; sourceTree = "<group>"; };
		D17B43991A709F8400FF682C /* SCFilterSelectorView.h */ = {isa = PBXFileReference; fileEncoding = 4; lastKnownFileType = sourcecode.c.h; path = SCFilterSelectorView.h; sourceTree = "<group>"; };
		D17B439A1A709F8400FF682C /* SCFilterSelectorView.m */ = {isa = PBXFileReference; fileEncoding = 4; lastKnownFileType = sourcecode.c.objc; path = SCFilterSelectorView.m; sourceTree = "<group>"; };
		D17B439B1A709F8400FF682C /* SCFilterSelectorViewInternal.h */ = {isa = PBXFileReference; fileEncoding = 4; lastKnownFileType = sourcecode.c.h; path = SCFilterSelectorViewInternal.h; sourceTree = "<group>"; };
		D17B439C1A709F8400FF682C /* SCImageView.h */ = {isa = PBXFileReference; fileEncoding = 4; lastKnownFileType = sourcecode.c.h; path = SCImageView.h; sourceTree = "<group>"; };
		D17B439D1A709F8400FF682C /* SCImageView.m */ = {isa = PBXFileReference; fileEncoding = 4; lastKnownFileType = sourcecode.c.objc; path = SCImageView.m; sourceTree = "<group>"; };
		D17B439E1A709F8400FF682C /* SCMediaTypeConfiguration.h */ = {isa = PBXFileReference; fileEncoding = 4; lastKnownFileType = sourcecode.c.h; path = SCMediaTypeConfiguration.h; sourceTree = "<group>"; };
		D17B439F1A709F8400FF682C /* SCMediaTypeConfiguration.m */ = {isa = PBXFileReference; fileEncoding = 4; lastKnownFileType = sourcecode.c.objc; path = SCMediaTypeConfiguration.m; sourceTree = "<group>"; };
		D17B43A01A709F8400FF682C /* SCPhotoConfiguration.h */ = {isa = PBXFileReference; fileEncoding = 4; lastKnownFileType = sourcecode.c.h; path = SCPhotoConfiguration.h; sourceTree = "<group>"; };
		D17B43A11A709F8400FF682C /* SCPhotoConfiguration.m */ = {isa = PBXFileReference; fileEncoding = 4; lastKnownFileType = sourcecode.c.objc; path = SCPhotoConfiguration.m; sourceTree = "<group>"; };
		D17B43A21A709F8400FF682C /* SCPlayer.h */ = {isa = PBXFileReference; fileEncoding = 4; lastKnownFileType = sourcecode.c.h; path = SCPlayer.h; sourceTree = "<group>"; };
		D17B43A31A709F8400FF682C /* SCPlayer.m */ = {isa = PBXFileReference; fileEncoding = 4; lastKnownFileType = sourcecode.c.objc; path = SCPlayer.m; sourceTree = "<group>"; };
		D17B43A41A709F8400FF682C /* SCRecorder.h */ = {isa = PBXFileReference; fileEncoding = 4; lastKnownFileType = sourcecode.c.h; path = SCRecorder.h; sourceTree = "<group>"; };
		D17B43A51A709F8400FF682C /* SCRecorder.m */ = {isa = PBXFileReference; fileEncoding = 4; lastKnownFileType = sourcecode.c.objc; path = SCRecorder.m; sourceTree = "<group>"; };
		D17B43A61A709F8400FF682C /* SCRecorderFocusTargetView.h */ = {isa = PBXFileReference; fileEncoding = 4; lastKnownFileType = sourcecode.c.h; path = SCRecorderFocusTargetView.h; sourceTree = "<group>"; };
		D17B43A71A709F8400FF682C /* SCRecorderFocusTargetView.m */ = {isa = PBXFileReference; fileEncoding = 4; lastKnownFileType = sourcecode.c.objc; path = SCRecorderFocusTargetView.m; sourceTree = "<group>"; };
		D17B43A81A709F8400FF682C /* SCRecorderFocusView.h */ = {isa = PBXFileReference; fileEncoding = 4; lastKnownFileType = sourcecode.c.h; path = SCRecorderFocusView.h; sourceTree = "<group>"; };
		D17B43A91A709F8400FF682C /* SCRecorderFocusView.m */ = {isa = PBXFileReference; fileEncoding = 4; lastKnownFileType = sourcecode.c.objc; path = SCRecorderFocusView.m; sourceTree = "<group>"; };
		D17B43AA1A709F8400FF682C /* SCRecorderTools.h */ = {isa = PBXFileReference; fileEncoding = 4; lastKnownFileType = sourcecode.c.h; path = SCRecorderTools.h; sourceTree = "<group>"; };
		D17B43AB1A709F8400FF682C /* SCRecorderTools.m */ = {isa = PBXFileReference; fileEncoding = 4; lastKnownFileType = sourcecode.c.objc; path = SCRecorderTools.m; sourceTree = "<group>"; };
		D17B43AC1A709F8400FF682C /* SCRecordSession.h */ = {isa = PBXFileReference; fileEncoding = 4; lastKnownFileType = sourcecode.c.h; path = SCRecordSession.h; sourceTree = "<group>"; };
		D17B43AD1A709F8400FF682C /* SCRecordSession.m */ = {isa = PBXFileReference; fileEncoding = 4; lastKnownFileType = sourcecode.c.objc; path = SCRecordSession.m; sourceTree = "<group>"; };
		D17B43AE1A709F8400FF682C /* SCRecordSession_Internal.h */ = {isa = PBXFileReference; fileEncoding = 4; lastKnownFileType = sourcecode.c.h; path = SCRecordSession_Internal.h; sourceTree = "<group>"; };
		D17B43AF1A709F8400FF682C /* SCSampleBufferHolder.h */ = {isa = PBXFileReference; fileEncoding = 4; lastKnownFileType = sourcecode.c.h; path = SCSampleBufferHolder.h; sourceTree = "<group>"; };
		D17B43B01A709F8400FF682C /* SCSampleBufferHolder.m */ = {isa = PBXFileReference; fileEncoding = 4; lastKnownFileType = sourcecode.c.objc; path = SCSampleBufferHolder.m; sourceTree = "<group>"; };
		D17B43B11A709F8400FF682C /* SCSwipeableFilterView.h */ = {isa = PBXFileReference; fileEncoding = 4; lastKnownFileType = sourcecode.c.h; path = SCSwipeableFilterView.h; sourceTree = "<group>"; };
		D17B43B21A709F8400FF682C /* SCSwipeableFilterView.m */ = {isa = PBXFileReference; fileEncoding = 4; lastKnownFileType = sourcecode.c.objc; path = SCSwipeableFilterView.m; sourceTree = "<group>"; };
		D17B43B31A709F8400FF682C /* SCVideoConfiguration.h */ = {isa = PBXFileReference; fileEncoding = 4; lastKnownFileType = sourcecode.c.h; path = SCVideoConfiguration.h; sourceTree = "<group>"; };
		D17B43B41A709F8400FF682C /* SCVideoConfiguration.m */ = {isa = PBXFileReference; fileEncoding = 4; lastKnownFileType = sourcecode.c.objc; path = SCVideoConfiguration.m; sourceTree = "<group>"; };
		D17B43B51A709F8400FF682C /* SCVideoPlayerView.h */ = {isa = PBXFileReference; fileEncoding = 4; lastKnownFileType = sourcecode.c.h; path = SCVideoPlayerView.h; sourceTree = "<group>"; };
		D17B43B61A709F8400FF682C /* SCVideoPlayerView.m */ = {isa = PBXFileReference; fileEncoding = 4; lastKnownFileType = sourcecode.c.objc; path = SCVideoPlayerView.m; sourceTree = "<group>"; };
		D17B43CC1A709F9F00FF682C /* CoreAudio.framework */ = {isa = PBXFileReference; lastKnownFileType = wrapper.framework; name = CoreAudio.framework; path = System/Library/Frameworks/CoreAudio.framework; sourceTree = SDKROOT; };
		D187D2AF1A9FE86000307F57 /* TrainCatagoriesSeque.h */ = {isa = PBXFileReference; fileEncoding = 4; lastKnownFileType = sourcecode.c.h; path = TrainCatagoriesSeque.h; sourceTree = "<group>"; };
		D187D2B01A9FE86100307F57 /* TrainCatagoriesSeque.m */ = {isa = PBXFileReference; fileEncoding = 4; lastKnownFileType = sourcecode.c.objc; path = TrainCatagoriesSeque.m; sourceTree = "<group>"; };
		D187D2B21A9FEC8500307F57 /* placeholder.png */ = {isa = PBXFileReference; lastKnownFileType = image.png; name = placeholder.png; path = Assets/placeholder.png; sourceTree = SOURCE_ROOT; };
		D188582B1A8413A400CC2B56 /* HomeViewController.h */ = {isa = PBXFileReference; fileEncoding = 4; lastKnownFileType = sourcecode.c.h; path = HomeViewController.h; sourceTree = "<group>"; };
		D188582C1A8413A400CC2B56 /* HomeViewController.m */ = {isa = PBXFileReference; fileEncoding = 4; lastKnownFileType = sourcecode.c.objc; path = HomeViewController.m; sourceTree = "<group>"; usesTabs = 0; };
		D188582E1A8415B900CC2B56 /* Twitter.framework */ = {isa = PBXFileReference; lastKnownFileType = wrapper.framework; name = Twitter.framework; path = System/Library/Frameworks/Twitter.framework; sourceTree = SDKROOT; };
		D18858301A8415C300CC2B56 /* Social.framework */ = {isa = PBXFileReference; lastKnownFileType = wrapper.framework; name = Social.framework; path = System/Library/Frameworks/Social.framework; sourceTree = SDKROOT; };
		D18858321A8415FC00CC2B56 /* Accounts.framework */ = {isa = PBXFileReference; lastKnownFileType = wrapper.framework; name = Accounts.framework; path = System/Library/Frameworks/Accounts.framework; sourceTree = SDKROOT; };
		D18858341A8418E600CC2B56 /* FacebookSDK.framework */ = {isa = PBXFileReference; lastKnownFileType = wrapper.framework; path = FacebookSDK.framework; sourceTree = "<group>"; };
		D18BFB221A6F43F000D1D90D /* CoreVideo.framework */ = {isa = PBXFileReference; lastKnownFileType = wrapper.framework; name = CoreVideo.framework; path = System/Library/Frameworks/CoreVideo.framework; sourceTree = SDKROOT; };
		D18BFB241A6F444E00D1D90D /* Photos.framework */ = {isa = PBXFileReference; lastKnownFileType = wrapper.framework; name = Photos.framework; path = System/Library/Frameworks/Photos.framework; sourceTree = SDKROOT; };
		D18BFB251A6F444E00D1D90D /* PhotosUI.framework */ = {isa = PBXFileReference; lastKnownFileType = wrapper.framework; name = PhotosUI.framework; path = System/Library/Frameworks/PhotosUI.framework; sourceTree = SDKROOT; };
		D18CAF741A5F4C7900CEDA9C /* AudioToolbox.framework */ = {isa = PBXFileReference; lastKnownFileType = wrapper.framework; name = AudioToolbox.framework; path = System/Library/Frameworks/AudioToolbox.framework; sourceTree = SDKROOT; };
		D18CAF761A5F4C9A00CEDA9C /* CFNetwork.framework */ = {isa = PBXFileReference; lastKnownFileType = wrapper.framework; name = CFNetwork.framework; path = System/Library/Frameworks/CFNetwork.framework; sourceTree = SDKROOT; };
		D18CAF781A5F4CAF00CEDA9C /* CoreGraphics.framework */ = {isa = PBXFileReference; lastKnownFileType = wrapper.framework; name = CoreGraphics.framework; path = System/Library/Frameworks/CoreGraphics.framework; sourceTree = SDKROOT; };
		D18CAF7A1A5F4CC500CEDA9C /* CoreLocation.framework */ = {isa = PBXFileReference; lastKnownFileType = wrapper.framework; name = CoreLocation.framework; path = System/Library/Frameworks/CoreLocation.framework; sourceTree = SDKROOT; };
		D18CAF7C1A5F4CD200CEDA9C /* MobileCoreServices.framework */ = {isa = PBXFileReference; lastKnownFileType = wrapper.framework; name = MobileCoreServices.framework; path = System/Library/Frameworks/MobileCoreServices.framework; sourceTree = SDKROOT; };
		D18CAF7E1A5F4CDD00CEDA9C /* QuartzCore.framework */ = {isa = PBXFileReference; lastKnownFileType = wrapper.framework; name = QuartzCore.framework; path = System/Library/Frameworks/QuartzCore.framework; sourceTree = SDKROOT; };
		D18CAF801A5F4CEF00CEDA9C /* Security.framework */ = {isa = PBXFileReference; lastKnownFileType = wrapper.framework; name = Security.framework; path = System/Library/Frameworks/Security.framework; sourceTree = SDKROOT; };
		D18CAF821A5F4CF600CEDA9C /* StoreKit.framework */ = {isa = PBXFileReference; lastKnownFileType = wrapper.framework; name = StoreKit.framework; path = System/Library/Frameworks/StoreKit.framework; sourceTree = SDKROOT; };
		D18CAF841A5F4D0600CEDA9C /* SystemConfiguration.framework */ = {isa = PBXFileReference; lastKnownFileType = wrapper.framework; name = SystemConfiguration.framework; path = System/Library/Frameworks/SystemConfiguration.framework; sourceTree = SDKROOT; };
		D18CAF861A5F4D1A00CEDA9C /* libz.dylib */ = {isa = PBXFileReference; lastKnownFileType = "compiled.mach-o.dylib"; name = libz.dylib; path = usr/lib/libz.dylib; sourceTree = SDKROOT; };
		D18CAF881A5F4D2300CEDA9C /* libsqlite3.dylib */ = {isa = PBXFileReference; lastKnownFileType = "compiled.mach-o.dylib"; name = libsqlite3.dylib; path = usr/lib/libsqlite3.dylib; sourceTree = SDKROOT; };
		D19D536E1A63383200FCAE61 /* RecordingViewController.h */ = {isa = PBXFileReference; fileEncoding = 4; lastKnownFileType = sourcecode.c.h; path = RecordingViewController.h; sourceTree = "<group>"; };
		D19D536F1A63383200FCAE61 /* RecordingViewController.m */ = {isa = PBXFileReference; fileEncoding = 4; lastKnownFileType = sourcecode.c.objc; path = RecordingViewController.m; sourceTree = "<group>"; };
		D19D53731A63399C00FCAE61 /* PBJVideoPlayerController.h */ = {isa = PBXFileReference; fileEncoding = 4; lastKnownFileType = sourcecode.c.h; path = PBJVideoPlayerController.h; sourceTree = "<group>"; };
		D19D53741A63399C00FCAE61 /* PBJVideoPlayerController.m */ = {isa = PBXFileReference; fileEncoding = 4; lastKnownFileType = sourcecode.c.objc; path = PBJVideoPlayerController.m; sourceTree = "<group>"; };
		D19D53751A63399C00FCAE61 /* PBJVideoView.h */ = {isa = PBXFileReference; fileEncoding = 4; lastKnownFileType = sourcecode.c.h; path = PBJVideoView.h; sourceTree = "<group>"; };
		D19D53761A63399C00FCAE61 /* PBJVideoView.m */ = {isa = PBXFileReference; fileEncoding = 4; lastKnownFileType = sourcecode.c.objc; path = PBJVideoView.m; sourceTree = "<group>"; };
		D19D538C1A633A1A00FCAE61 /* AVFoundation.framework */ = {isa = PBXFileReference; lastKnownFileType = wrapper.framework; name = AVFoundation.framework; path = System/Library/Frameworks/AVFoundation.framework; sourceTree = SDKROOT; };
		D19D538E1A633A1F00FCAE61 /* AVKit.framework */ = {isa = PBXFileReference; lastKnownFileType = wrapper.framework; name = AVKit.framework; path = System/Library/Frameworks/AVKit.framework; sourceTree = SDKROOT; };
		D19D53901A64951B00FCAE61 /* Bolts.framework */ = {isa = PBXFileReference; lastKnownFileType = wrapper.framework; path = Bolts.framework; sourceTree = "<group>"; };
		D19D53911A64951B00FCAE61 /* Parse.framework */ = {isa = PBXFileReference; lastKnownFileType = wrapper.framework; path = Parse.framework; sourceTree = "<group>"; };
		D19D53931A64951B00FCAE61 /* ParseFacebookUtils.framework */ = {isa = PBXFileReference; lastKnownFileType = wrapper.framework; path = ParseFacebookUtils.framework; sourceTree = "<group>"; };
		D19D53941A64951B00FCAE61 /* ParseUI.framework */ = {isa = PBXFileReference; lastKnownFileType = wrapper.framework; path = ParseUI.framework; sourceTree = "<group>"; };
		D1CF80011AA76DF9008D6138 /* ActivityTableViewController.h */ = {isa = PBXFileReference; fileEncoding = 4; lastKnownFileType = sourcecode.c.h; path = ActivityTableViewController.h; sourceTree = "<group>"; };
		D1CF80021AA76DF9008D6138 /* ActivityTableViewController.m */ = {isa = PBXFileReference; fileEncoding = 4; lastKnownFileType = sourcecode.c.objc; path = ActivityTableViewController.m; sourceTree = "<group>"; };
		D1CF80051AA7D279008D6138 /* JenSelterProfilePic.jpg */ = {isa = PBXFileReference; lastKnownFileType = image.jpeg; path = JenSelterProfilePic.jpg; sourceTree = "<group>"; };
		D1CF80061AA7D279008D6138 /* NeeProfilePic.jpg */ = {isa = PBXFileReference; lastKnownFileType = image.jpeg; path = NeeProfilePic.jpg; sourceTree = "<group>"; };
		D1CF800C1AA7D5FD008D6138 /* ActivityCustomCell.h */ = {isa = PBXFileReference; fileEncoding = 4; lastKnownFileType = sourcecode.c.h; path = ActivityCustomCell.h; sourceTree = "<group>"; };
		D1CF800D1AA7D5FD008D6138 /* ActivityCustomCell.m */ = {isa = PBXFileReference; fileEncoding = 4; lastKnownFileType = sourcecode.c.objc; path = ActivityCustomCell.m; sourceTree = "<group>"; };
		D1CF800F1AA7D666008D6138 /* FollowingCustomCell.h */ = {isa = PBXFileReference; fileEncoding = 4; lastKnownFileType = sourcecode.c.h; path = FollowingCustomCell.h; sourceTree = "<group>"; };
		D1CF80101AA7D666008D6138 /* FollowingCustomCell.m */ = {isa = PBXFileReference; fileEncoding = 4; lastKnownFileType = sourcecode.c.objc; path = FollowingCustomCell.m; sourceTree = "<group>"; };
		D1CF80121AA7D7E6008D6138 /* FollowingTableViewController.h */ = {isa = PBXFileReference; fileEncoding = 4; lastKnownFileType = sourcecode.c.h; path = FollowingTableViewController.h; sourceTree = "<group>"; };
		D1CF80131AA7D7E6008D6138 /* FollowingTableViewController.m */ = {isa = PBXFileReference; fileEncoding = 4; lastKnownFileType = sourcecode.c.objc; path = FollowingTableViewController.m; sourceTree = "<group>"; };
		D1CF80151AA7E208008D6138 /* background.png */ = {isa = PBXFileReference; lastKnownFileType = image.png; name = background.png; path = Assets/background.png; sourceTree = SOURCE_ROOT; };
		D1CF80161AA7E208008D6138 /* background@2x.png */ = {isa = PBXFileReference; lastKnownFileType = image.png; name = "background@2x.png"; path = "Assets/background@2x.png"; sourceTree = SOURCE_ROOT; };
		D1CF80171AA7E208008D6138 /* background@3x.png */ = {isa = PBXFileReference; lastKnownFileType = image.png; name = "background@3x.png"; path = "Assets/background@3x.png"; sourceTree = SOURCE_ROOT; };
		D1CF801C1AA7EC93008D6138 /* Likes.storyboard */ = {isa = PBXFileReference; fileEncoding = 4; lastKnownFileType = file.storyboard; path = Likes.storyboard; sourceTree = "<group>"; };
		D1CF801E1AA8B06E008D6138 /* Likes.h */ = {isa = PBXFileReference; fileEncoding = 4; lastKnownFileType = sourcecode.c.h; path = Likes.h; sourceTree = "<group>"; };
		D1CF801F1AA8B06E008D6138 /* Likes.m */ = {isa = PBXFileReference; fileEncoding = 4; lastKnownFileType = sourcecode.c.objc; path = Likes.m; sourceTree = "<group>"; };
		D1CF80211AA8B0B8008D6138 /* LikesCustomView.h */ = {isa = PBXFileReference; fileEncoding = 4; lastKnownFileType = sourcecode.c.h; path = LikesCustomView.h; sourceTree = "<group>"; };
		D1CF80221AA8B0B8008D6138 /* LikesCustomView.m */ = {isa = PBXFileReference; fileEncoding = 4; lastKnownFileType = sourcecode.c.objc; path = LikesCustomView.m; sourceTree = "<group>"; };
		D1CF80241AA8B459008D6138 /* LikesTableViewController.h */ = {isa = PBXFileReference; fileEncoding = 4; lastKnownFileType = sourcecode.c.h; path = LikesTableViewController.h; sourceTree = "<group>"; };
		D1CF80251AA8B459008D6138 /* LikesTableViewController.m */ = {isa = PBXFileReference; fileEncoding = 4; lastKnownFileType = sourcecode.c.objc; path = LikesTableViewController.m; sourceTree = "<group>"; };
		D1CF80281AA8BB3A008D6138 /* Comments.h */ = {isa = PBXFileReference; fileEncoding = 4; lastKnownFileType = sourcecode.c.h; path = Comments.h; sourceTree = "<group>"; };
		D1CF80291AA8BB3A008D6138 /* Comments.m */ = {isa = PBXFileReference; fileEncoding = 4; lastKnownFileType = sourcecode.c.objc; path = Comments.m; sourceTree = "<group>"; };
		D1CF802B1AA8BB52008D6138 /* Comments.storyboard */ = {isa = PBXFileReference; fileEncoding = 4; lastKnownFileType = file.storyboard; path = Comments.storyboard; sourceTree = "<group>"; };
		D1CF802D1AA8BCBF008D6138 /* CommentsCustomCell.h */ = {isa = PBXFileReference; fileEncoding = 4; lastKnownFileType = sourcecode.c.h; path = CommentsCustomCell.h; sourceTree = "<group>"; };
		D1CF802E1AA8BCBF008D6138 /* CommentsCustomCell.m */ = {isa = PBXFileReference; fileEncoding = 4; lastKnownFileType = sourcecode.c.objc; path = CommentsCustomCell.m; sourceTree = "<group>"; };
		D1CF80301AA8BD28008D6138 /* CommentsTableViewController.h */ = {isa = PBXFileReference; fileEncoding = 4; lastKnownFileType = sourcecode.c.h; path = CommentsTableViewController.h; sourceTree = "<group>"; };
		D1CF80311AA8BD28008D6138 /* CommentsTableViewController.m */ = {isa = PBXFileReference; fileEncoding = 4; lastKnownFileType = sourcecode.c.objc; path = CommentsTableViewController.m; sourceTree = "<group>"; };
		D1D1C2071A968E8D00C3FB2C /* Activity.h */ = {isa = PBXFileReference; fileEncoding = 4; lastKnownFileType = sourcecode.c.h; path = Activity.h; sourceTree = "<group>"; };
		D1D1C2081A968E8D00C3FB2C /* Activity.m */ = {isa = PBXFileReference; fileEncoding = 4; lastKnownFileType = sourcecode.c.objc; path = Activity.m; sourceTree = "<group>"; };
		D1D4C1D91A77E10300AA9574 /* Following.h */ = {isa = PBXFileReference; fileEncoding = 4; lastKnownFileType = sourcecode.c.h; path = Following.h; sourceTree = "<group>"; };
		D1D4C1DA1A77E10300AA9574 /* Following.m */ = {isa = PBXFileReference; fileEncoding = 4; lastKnownFileType = sourcecode.c.objc; path = Following.m; sourceTree = "<group>"; };
		D1EA98B11A967FD1005B0FB3 /* activity.png */ = {isa = PBXFileReference; lastKnownFileType = image.png; path = activity.png; sourceTree = "<group>"; };
		D1EA98B21A967FD1005B0FB3 /* camera.png */ = {isa = PBXFileReference; lastKnownFileType = image.png; path = camera.png; sourceTree = "<group>"; };
		D1EA98B31A967FD1005B0FB3 /* following.png */ = {isa = PBXFileReference; lastKnownFileType = image.png; path = following.png; sourceTree = "<group>"; };
		D1EA98B41A967FD1005B0FB3 /* home.png */ = {isa = PBXFileReference; lastKnownFileType = image.png; path = home.png; sourceTree = "<group>"; };
		D1EA98B51A967FD1005B0FB3 /* ic_launcher.png */ = {isa = PBXFileReference; lastKnownFileType = image.png; path = ic_launcher.png; sourceTree = "<group>"; };
		D1EA98B61A967FD1005B0FB3 /* profile.png */ = {isa = PBXFileReference; lastKnownFileType = image.png; path = profile.png; sourceTree = "<group>"; };
		D1EA98B71A967FD1005B0FB3 /* train.png */ = {isa = PBXFileReference; lastKnownFileType = image.png; path = train.png; sourceTree = "<group>"; };
/* End PBXFileReference section */

/* Begin PBXFrameworksBuildPhase section */
		D13754A21A5DA372001D0E9E /* Frameworks */ = {
			isa = PBXFrameworksBuildPhase;
			buildActionMask = 2147483647;
			files = (
				D18858331A8415FC00CC2B56 /* Accounts.framework in Frameworks */,
				D18858311A8415C300CC2B56 /* Social.framework in Frameworks */,
				D188582F1A8415B900CC2B56 /* Twitter.framework in Frameworks */,
				D17B43CD1A709F9F00FF682C /* CoreAudio.framework in Frameworks */,
				D18BFB261A6F444E00D1D90D /* Photos.framework in Frameworks */,
				D18BFB271A6F444E00D1D90D /* PhotosUI.framework in Frameworks */,
				D18BFB231A6F43F000D1D90D /* CoreVideo.framework in Frameworks */,
				D19D53991A64951B00FCAE61 /* ParseUI.framework in Frameworks */,
				D19D538F1A633A1F00FCAE61 /* AVKit.framework in Frameworks */,
				D19D538D1A633A1A00FCAE61 /* AVFoundation.framework in Frameworks */,
				D18CAF891A5F4D2300CEDA9C /* libsqlite3.dylib in Frameworks */,
				D18CAF871A5F4D1A00CEDA9C /* libz.dylib in Frameworks */,
				D19D53961A64951B00FCAE61 /* Parse.framework in Frameworks */,
				D19D53981A64951B00FCAE61 /* ParseFacebookUtils.framework in Frameworks */,
				D18CAF851A5F4D0600CEDA9C /* SystemConfiguration.framework in Frameworks */,
				D18CAF831A5F4CF600CEDA9C /* StoreKit.framework in Frameworks */,
				D18CAF811A5F4CEF00CEDA9C /* Security.framework in Frameworks */,
				D18CAF7F1A5F4CDD00CEDA9C /* QuartzCore.framework in Frameworks */,
				D18CAF7D1A5F4CD200CEDA9C /* MobileCoreServices.framework in Frameworks */,
				D18CAF7B1A5F4CC500CEDA9C /* CoreLocation.framework in Frameworks */,
				D18CAF791A5F4CAF00CEDA9C /* CoreGraphics.framework in Frameworks */,
				D18858351A8418E600CC2B56 /* FacebookSDK.framework in Frameworks */,
				D18CAF771A5F4C9A00CEDA9C /* CFNetwork.framework in Frameworks */,
				D18CAF751A5F4C7900CEDA9C /* AudioToolbox.framework in Frameworks */,
				D19D53951A64951B00FCAE61 /* Bolts.framework in Frameworks */,
			);
			runOnlyForDeploymentPostprocessing = 0;
		};
		D13754BE1A5DA373001D0E9E /* Frameworks */ = {
			isa = PBXFrameworksBuildPhase;
			buildActionMask = 2147483647;
			files = (
			);
			runOnlyForDeploymentPostprocessing = 0;
		};
/* End PBXFrameworksBuildPhase section */

/* Begin PBXGroup section */
		D137549C1A5DA372001D0E9E = {
			isa = PBXGroup;
			children = (
				D13754A71A5DA372001D0E9E /* Train */,
				D13754C41A5DA373001D0E9E /* TrainTests */,
				D13754A61A5DA372001D0E9E /* Products */,
				D18CAF8A1A5F4D4900CEDA9C /* Frameworks */,
			);
			sourceTree = "<group>";
		};
		D13754A61A5DA372001D0E9E /* Products */ = {
			isa = PBXGroup;
			children = (
				D13754A51A5DA372001D0E9E /* Train.app */,
				D13754C11A5DA373001D0E9E /* TrainTests.xctest */,
			);
			name = Products;
			sourceTree = "<group>";
		};
		D13754A71A5DA372001D0E9E /* Train */ = {
			isa = PBXGroup;
			children = (
				D1CF80271AA8BB23008D6138 /* Comments */,
				D1CF801B1AA7EC7F008D6138 /* Likes */,
				D1D1C2061A968E6D00C3FB2C /* Activity */,
				D188582A1A84138100CC2B56 /* Home */,
				D18858291A8412B400CC2B56 /* Login/Signup */,
				D1FD6BC01A8273660009A7E1 /* Camera */,
				D1D4C1D81A77E0DC00AA9574 /* Following */,
				D19D53521A63370A00FCAE61 /* API-Thrid Party Libraries */,
				D13754AC1A5DA373001D0E9E /* AppDelegate.h */,
				D13754AD1A5DA373001D0E9E /* AppDelegate.m */,
				D13754B51A5DA373001D0E9E /* Main.storyboard */,
				D187D2AF1A9FE86000307F57 /* TrainCatagoriesSeque.h */,
				D187D2B01A9FE86100307F57 /* TrainCatagoriesSeque.m */,
				D13754B81A5DA373001D0E9E /* Images.xcassets */,
				D13754AF1A5DA373001D0E9E /* Train.xcdatamodeld */,
				D13754A81A5DA372001D0E9E /* Supporting Files */,
			);
			path = Train;
			sourceTree = "<group>";
		};
		D13754A81A5DA372001D0E9E /* Supporting Files */ = {
			isa = PBXGroup;
			children = (
				D1CF80151AA7E208008D6138 /* background.png */,
				D1CF80161AA7E208008D6138 /* background@2x.png */,
				D1CF80171AA7E208008D6138 /* background@3x.png */,
				D1CF80041AA7D279008D6138 /* DummyPic */,
				D187D2B21A9FEC8500307F57 /* placeholder.png */,
				D1EA98B01A967FD1005B0FB3 /* Train Icon */,
				D13754A91A5DA373001D0E9E /* Info.plist */,
				D13754AA1A5DA373001D0E9E /* main.m */,
			);
			name = "Supporting Files";
			sourceTree = "<group>";
		};
		D13754C41A5DA373001D0E9E /* TrainTests */ = {
			isa = PBXGroup;
			children = (
				D13754C71A5DA373001D0E9E /* TrainTests.m */,
				D13754C51A5DA373001D0E9E /* Supporting Files */,
			);
			path = TrainTests;
			sourceTree = "<group>";
		};
		D13754C51A5DA373001D0E9E /* Supporting Files */ = {
			isa = PBXGroup;
			children = (
				D13754C61A5DA373001D0E9E /* Info.plist */,
			);
			name = "Supporting Files";
			sourceTree = "<group>";
		};
		D17B43871A709F8400FF682C /* SCRecorder */ = {
			isa = PBXGroup;
			children = (
				D17B43881A709F8400FF682C /* Sources */,
			);
			path = SCRecorder;
			sourceTree = SOURCE_ROOT;
		};
		D17B43881A709F8400FF682C /* Sources */ = {
			isa = PBXGroup;
			children = (
				D17B43891A709F8400FF682C /* CIImageRenderer.h */,
				D17B438A1A709F8400FF682C /* CIImageRendererUtils.h */,
				D17B438B1A709F8400FF682C /* CIImageRendererUtils.m */,
				D17B438C1A709F8400FF682C /* SCArchivedVector.h */,
				D17B438D1A709F8400FF682C /* SCArchivedVector.m */,
				D17B438E1A709F8400FF682C /* SCAssetExportSession.h */,
				D17B438F1A709F8400FF682C /* SCAssetExportSession.m */,
				D17B43901A709F8400FF682C /* SCAudioConfiguration.h */,
				D17B43911A709F8400FF682C /* SCAudioConfiguration.m */,
				D17B43921A709F8400FF682C /* SCAudioTools.h */,
				D17B43931A709F8400FF682C /* SCAudioTools.m */,
				D17B43941A709F8400FF682C /* SCAudioVideoRecorder-Prefix.pch */,
				D17B43951A709F8400FF682C /* SCFilter.h */,
				D17B43961A709F8400FF682C /* SCFilter.m */,
				D17B43971A709F8400FF682C /* SCFilterGroup.h */,
				D17B43981A709F8400FF682C /* SCFilterGroup.m */,
				D17B43991A709F8400FF682C /* SCFilterSelectorView.h */,
				D17B439A1A709F8400FF682C /* SCFilterSelectorView.m */,
				D17B439B1A709F8400FF682C /* SCFilterSelectorViewInternal.h */,
				D17B439C1A709F8400FF682C /* SCImageView.h */,
				D17B439D1A709F8400FF682C /* SCImageView.m */,
				D17B439E1A709F8400FF682C /* SCMediaTypeConfiguration.h */,
				D17B439F1A709F8400FF682C /* SCMediaTypeConfiguration.m */,
				D17B43A01A709F8400FF682C /* SCPhotoConfiguration.h */,
				D17B43A11A709F8400FF682C /* SCPhotoConfiguration.m */,
				D17B43A21A709F8400FF682C /* SCPlayer.h */,
				D17B43A31A709F8400FF682C /* SCPlayer.m */,
				D17B43A41A709F8400FF682C /* SCRecorder.h */,
				D17B43A51A709F8400FF682C /* SCRecorder.m */,
				D17B43A61A709F8400FF682C /* SCRecorderFocusTargetView.h */,
				D17B43A71A709F8400FF682C /* SCRecorderFocusTargetView.m */,
				D17B43A81A709F8400FF682C /* SCRecorderFocusView.h */,
				D17B43A91A709F8400FF682C /* SCRecorderFocusView.m */,
				D17B43AA1A709F8400FF682C /* SCRecorderTools.h */,
				D17B43AB1A709F8400FF682C /* SCRecorderTools.m */,
				D17B43AC1A709F8400FF682C /* SCRecordSession.h */,
				D17B43AD1A709F8400FF682C /* SCRecordSession.m */,
				D17B43AE1A709F8400FF682C /* SCRecordSession_Internal.h */,
				D17B43AF1A709F8400FF682C /* SCSampleBufferHolder.h */,
				D17B43B01A709F8400FF682C /* SCSampleBufferHolder.m */,
				D17B43B11A709F8400FF682C /* SCSwipeableFilterView.h */,
				D17B43B21A709F8400FF682C /* SCSwipeableFilterView.m */,
				D17B43B31A709F8400FF682C /* SCVideoConfiguration.h */,
				D17B43B41A709F8400FF682C /* SCVideoConfiguration.m */,
				D17B43B51A709F8400FF682C /* SCVideoPlayerView.h */,
				D17B43B61A709F8400FF682C /* SCVideoPlayerView.m */,
			);
			path = Sources;
			sourceTree = "<group>";
		};
		D18858291A8412B400CC2B56 /* Login/Signup */ = {
			isa = PBXGroup;
			children = (
			);
			name = Login/Signup;
			sourceTree = "<group>";
		};
		D188582A1A84138100CC2B56 /* Home */ = {
			isa = PBXGroup;
			children = (
				D188582B1A8413A400CC2B56 /* HomeViewController.h */,
				D188582C1A8413A400CC2B56 /* HomeViewController.m */,
			);
			name = Home;
			sourceTree = "<group>";
		};
		D18CAF8A1A5F4D4900CEDA9C /* Frameworks */ = {
			isa = PBXGroup;
			children = (
				D18858341A8418E600CC2B56 /* FacebookSDK.framework */,
				D18858321A8415FC00CC2B56 /* Accounts.framework */,
				D18858301A8415C300CC2B56 /* Social.framework */,
				D188582E1A8415B900CC2B56 /* Twitter.framework */,
				D17B43CC1A709F9F00FF682C /* CoreAudio.framework */,
				D18BFB241A6F444E00D1D90D /* Photos.framework */,
				D18BFB251A6F444E00D1D90D /* PhotosUI.framework */,
				D18BFB221A6F43F000D1D90D /* CoreVideo.framework */,
				D19D53901A64951B00FCAE61 /* Bolts.framework */,
				D19D53911A64951B00FCAE61 /* Parse.framework */,
				D19D53931A64951B00FCAE61 /* ParseFacebookUtils.framework */,
				D19D53941A64951B00FCAE61 /* ParseUI.framework */,
				D19D538E1A633A1F00FCAE61 /* AVKit.framework */,
				D19D538C1A633A1A00FCAE61 /* AVFoundation.framework */,
				D18CAF881A5F4D2300CEDA9C /* libsqlite3.dylib */,
				D18CAF861A5F4D1A00CEDA9C /* libz.dylib */,
				D18CAF841A5F4D0600CEDA9C /* SystemConfiguration.framework */,
				D18CAF821A5F4CF600CEDA9C /* StoreKit.framework */,
				D18CAF801A5F4CEF00CEDA9C /* Security.framework */,
				D18CAF7E1A5F4CDD00CEDA9C /* QuartzCore.framework */,
				D18CAF7C1A5F4CD200CEDA9C /* MobileCoreServices.framework */,
				D18CAF7A1A5F4CC500CEDA9C /* CoreLocation.framework */,
				D18CAF781A5F4CAF00CEDA9C /* CoreGraphics.framework */,
				D18CAF761A5F4C9A00CEDA9C /* CFNetwork.framework */,
				D18CAF741A5F4C7900CEDA9C /* AudioToolbox.framework */,
			);
			name = Frameworks;
			sourceTree = "<group>";
		};
		D19D53521A63370A00FCAE61 /* API-Thrid Party Libraries */ = {
			isa = PBXGroup;
			children = (
				D17B43871A709F8400FF682C /* SCRecorder */,
				D19D53711A63399C00FCAE61 /* PBJVideoPlayer */,
			);
			name = "API-Thrid Party Libraries";
			sourceTree = "<group>";
		};
		D19D53711A63399C00FCAE61 /* PBJVideoPlayer */ = {
			isa = PBXGroup;
			children = (
				D19D53721A63399C00FCAE61 /* Source */,
			);
			path = PBJVideoPlayer;
			sourceTree = SOURCE_ROOT;
		};
		D19D53721A63399C00FCAE61 /* Source */ = {
			isa = PBXGroup;
			children = (
				D19D53731A63399C00FCAE61 /* PBJVideoPlayerController.h */,
				D19D53741A63399C00FCAE61 /* PBJVideoPlayerController.m */,
				D19D53751A63399C00FCAE61 /* PBJVideoView.h */,
				D19D53761A63399C00FCAE61 /* PBJVideoView.m */,
			);
			path = Source;
			sourceTree = "<group>";
		};
		D1CF80041AA7D279008D6138 /* DummyPic */ = {
			isa = PBXGroup;
			children = (
				D1CF80051AA7D279008D6138 /* JenSelterProfilePic.jpg */,
				D1CF80061AA7D279008D6138 /* NeeProfilePic.jpg */,
			);
			name = DummyPic;
			path = Assets/DummyPic;
			sourceTree = SOURCE_ROOT;
		};
		D1CF801B1AA7EC7F008D6138 /* Likes */ = {
			isa = PBXGroup;
			children = (
				D1CF801C1AA7EC93008D6138 /* Likes.storyboard */,
				D1CF801E1AA8B06E008D6138 /* Likes.h */,
				D1CF801F1AA8B06E008D6138 /* Likes.m */,
				D1CF80211AA8B0B8008D6138 /* LikesCustomView.h */,
				D1CF80221AA8B0B8008D6138 /* LikesCustomView.m */,
				D1CF80241AA8B459008D6138 /* LikesTableViewController.h */,
				D1CF80251AA8B459008D6138 /* LikesTableViewController.m */,
			);
			name = Likes;
			sourceTree = "<group>";
		};
		D1CF80271AA8BB23008D6138 /* Comments */ = {
			isa = PBXGroup;
			children = (
				D1CF80281AA8BB3A008D6138 /* Comments.h */,
				D1CF80291AA8BB3A008D6138 /* Comments.m */,
				D1CF802B1AA8BB52008D6138 /* Comments.storyboard */,
				D1CF802D1AA8BCBF008D6138 /* CommentsCustomCell.h */,
				D1CF802E1AA8BCBF008D6138 /* CommentsCustomCell.m */,
				D1CF80301AA8BD28008D6138 /* CommentsTableViewController.h */,
				D1CF80311AA8BD28008D6138 /* CommentsTableViewController.m */,
			);
			name = Comments;
			sourceTree = "<group>";
		};
		D1D1C2061A968E6D00C3FB2C /* Activity */ = {
			isa = PBXGroup;
			children = (
				D1D1C2071A968E8D00C3FB2C /* Activity.h */,
				D1D1C2081A968E8D00C3FB2C /* Activity.m */,
				D1CF80011AA76DF9008D6138 /* ActivityTableViewController.h */,
				D1CF80021AA76DF9008D6138 /* ActivityTableViewController.m */,
				D1CF800C1AA7D5FD008D6138 /* ActivityCustomCell.h */,
				D1CF800D1AA7D5FD008D6138 /* ActivityCustomCell.m */,
			);
			name = Activity;
			sourceTree = "<group>";
		};
		D1D4C1D81A77E0DC00AA9574 /* Following */ = {
			isa = PBXGroup;
			children = (
				D1D4C1D91A77E10300AA9574 /* Following.h */,
				D1D4C1DA1A77E10300AA9574 /* Following.m */,
				D1CF800F1AA7D666008D6138 /* FollowingCustomCell.h */,
				D1CF80101AA7D666008D6138 /* FollowingCustomCell.m */,
				D1CF80121AA7D7E6008D6138 /* FollowingTableViewController.h */,
				D1CF80131AA7D7E6008D6138 /* FollowingTableViewController.m */,
			);
			name = Following;
			sourceTree = "<group>";
		};
		D1EA98B01A967FD1005B0FB3 /* Train Icon */ = {
			isa = PBXGroup;
			children = (
				D1EA98B11A967FD1005B0FB3 /* activity.png */,
				D1EA98B21A967FD1005B0FB3 /* camera.png */,
				D1EA98B31A967FD1005B0FB3 /* following.png */,
				D1EA98B41A967FD1005B0FB3 /* home.png */,
				D1EA98B51A967FD1005B0FB3 /* ic_launcher.png */,
				D1EA98B61A967FD1005B0FB3 /* profile.png */,
				D1EA98B71A967FD1005B0FB3 /* train.png */,
			);
			path = "Train Icon";
			sourceTree = "<group>";
		};
		D1FD6BC01A8273660009A7E1 /* Camera */ = {
			isa = PBXGroup;
			children = (
				D19D536E1A63383200FCAE61 /* RecordingViewController.h */,
				D19D536F1A63383200FCAE61 /* RecordingViewController.m */,
			);
			name = Camera;
			sourceTree = "<group>";
		};
/* End PBXGroup section */

/* Begin PBXNativeTarget section */
		D13754A41A5DA372001D0E9E /* Train */ = {
			isa = PBXNativeTarget;
			buildConfigurationList = D13754CB1A5DA373001D0E9E /* Build configuration list for PBXNativeTarget "Train" */;
			buildPhases = (
				D13754A11A5DA372001D0E9E /* Sources */,
				D13754A21A5DA372001D0E9E /* Frameworks */,
				D13754A31A5DA372001D0E9E /* Resources */,
			);
			buildRules = (
			);
			dependencies = (
			);
			name = Train;
			productName = Train;
			productReference = D13754A51A5DA372001D0E9E /* Train.app */;
			productType = "com.apple.product-type.application";
		};
		D13754C01A5DA373001D0E9E /* TrainTests */ = {
			isa = PBXNativeTarget;
			buildConfigurationList = D13754CE1A5DA373001D0E9E /* Build configuration list for PBXNativeTarget "TrainTests" */;
			buildPhases = (
				D13754BD1A5DA373001D0E9E /* Sources */,
				D13754BE1A5DA373001D0E9E /* Frameworks */,
				D13754BF1A5DA373001D0E9E /* Resources */,
			);
			buildRules = (
			);
			dependencies = (
				D13754C31A5DA373001D0E9E /* PBXTargetDependency */,
			);
			name = TrainTests;
			productName = TrainTests;
			productReference = D13754C11A5DA373001D0E9E /* TrainTests.xctest */;
			productType = "com.apple.product-type.bundle.unit-test";
		};
/* End PBXNativeTarget section */

/* Begin PBXProject section */
		D137549D1A5DA372001D0E9E /* Project object */ = {
			isa = PBXProject;
			attributes = {
				LastUpgradeCheck = 0610;
				TargetAttributes = {
					D13754A41A5DA372001D0E9E = {
						CreatedOnToolsVersion = 6.1.1;
						DevelopmentTeam = L6WD86F9N5;
					};
					D13754C01A5DA373001D0E9E = {
						CreatedOnToolsVersion = 6.1.1;
						TestTargetID = D13754A41A5DA372001D0E9E;
					};
				};
			};
			buildConfigurationList = D13754A01A5DA372001D0E9E /* Build configuration list for PBXProject "Train" */;
			compatibilityVersion = "Xcode 3.2";
			developmentRegion = English;
			hasScannedForEncodings = 0;
			knownRegions = (
				en,
				Base,
			);
			mainGroup = D137549C1A5DA372001D0E9E;
			productRefGroup = D13754A61A5DA372001D0E9E /* Products */;
			projectDirPath = "";
			projectRoot = "";
			targets = (
				D13754A41A5DA372001D0E9E /* Train */,
				D13754C01A5DA373001D0E9E /* TrainTests */,
			);
		};
/* End PBXProject section */

/* Begin PBXResourcesBuildPhase section */
		D13754A31A5DA372001D0E9E /* Resources */ = {
			isa = PBXResourcesBuildPhase;
			buildActionMask = 2147483647;
			files = (
				D13754B71A5DA373001D0E9E /* Main.storyboard in Resources */,
				D1EA98B81A967FD1005B0FB3 /* activity.png in Resources */,
				D1CF80181AA7E208008D6138 /* background.png in Resources */,
				D1EA98BB1A967FD1005B0FB3 /* home.png in Resources */,
				D1CF802C1AA8BB52008D6138 /* Comments.storyboard in Resources */,
				D1CF80071AA7D279008D6138 /* JenSelterProfilePic.jpg in Resources */,
				D187D2B31A9FEC8500307F57 /* placeholder.png in Resources */,
				D1EA98B91A967FD1005B0FB3 /* camera.png in Resources */,
				D13754B91A5DA373001D0E9E /* Images.xcassets in Resources */,
				D1EA98BC1A967FD1005B0FB3 /* ic_launcher.png in Resources */,
				D1EA98BA1A967FD1005B0FB3 /* following.png in Resources */,
				D1CF80191AA7E208008D6138 /* background@2x.png in Resources */,
				D1CF80081AA7D279008D6138 /* NeeProfilePic.jpg in Resources */,
				D1EA98BD1A967FD1005B0FB3 /* profile.png in Resources */,
				D1CF801A1AA7E208008D6138 /* background@3x.png in Resources */,
				D1EA98BE1A967FD1005B0FB3 /* train.png in Resources */,
				D1CF801D1AA7EC93008D6138 /* Likes.storyboard in Resources */,
			);
			runOnlyForDeploymentPostprocessing = 0;
		};
		D13754BF1A5DA373001D0E9E /* Resources */ = {
			isa = PBXResourcesBuildPhase;
			buildActionMask = 2147483647;
			files = (
			);
			runOnlyForDeploymentPostprocessing = 0;
		};
/* End PBXResourcesBuildPhase section */

/* Begin PBXSourcesBuildPhase section */
		D13754A11A5DA372001D0E9E /* Sources */ = {
			isa = PBXSourcesBuildPhase;
			buildActionMask = 2147483647;
			files = (
				D17B43B71A709F8400FF682C /* CIImageRendererUtils.m in Sources */,
				D17B43B91A709F8400FF682C /* SCAssetExportSession.m in Sources */,
				D1CF80111AA7D666008D6138 /* FollowingCustomCell.m in Sources */,
				D17B43BB1A709F8400FF682C /* SCAudioTools.m in Sources */,
				D17B43BE1A709F8400FF682C /* SCFilterSelectorView.m in Sources */,
				D17B43BD1A709F8400FF682C /* SCFilterGroup.m in Sources */,
				D1CF80201AA8B06E008D6138 /* Likes.m in Sources */,
				D1CF80321AA8BD28008D6138 /* CommentsTableViewController.m in Sources */,
				D1CF80141AA7D7E6008D6138 /* FollowingTableViewController.m in Sources */,
				D1CF80231AA8B0B8008D6138 /* LikesCustomView.m in Sources */,
				D17B43C71A709F8400FF682C /* SCRecordSession.m in Sources */,
				D17B43C01A709F8400FF682C /* SCMediaTypeConfiguration.m in Sources */,
				D19D53701A63383200FCAE61 /* RecordingViewController.m in Sources */,
				D1CF800E1AA7D5FD008D6138 /* ActivityCustomCell.m in Sources */,
				D1CF802A1AA8BB3A008D6138 /* Comments.m in Sources */,
				D17B43C11A709F8400FF682C /* SCPhotoConfiguration.m in Sources */,
				D13754AE1A5DA373001D0E9E /* AppDelegate.m in Sources */,
				D1CF802F1AA8BCBF008D6138 /* CommentsCustomCell.m in Sources */,
				D19D53851A63399C00FCAE61 /* PBJVideoView.m in Sources */,
				D17B43CB1A709F8400FF682C /* SCVideoPlayerView.m in Sources */,
				D17B43B81A709F8400FF682C /* SCArchivedVector.m in Sources */,
				D17B43BC1A709F8400FF682C /* SCFilter.m in Sources */,
				D1D4C1DB1A77E10300AA9574 /* Following.m in Sources */,
				D17B43C21A709F8400FF682C /* SCPlayer.m in Sources */,
				D1CF80031AA76DF9008D6138 /* ActivityTableViewController.m in Sources */,
				D17B43C51A709F8400FF682C /* SCRecorderFocusView.m in Sources */,
				D1D1C2091A968E8D00C3FB2C /* Activity.m in Sources */,
				D13754AB1A5DA373001D0E9E /* main.m in Sources */,
				D19D53841A63399C00FCAE61 /* PBJVideoPlayerController.m in Sources */,
				D187D2B11A9FE86100307F57 /* TrainCatagoriesSeque.m in Sources */,
				D17B43CA1A709F8400FF682C /* SCVideoConfiguration.m in Sources */,
				D17B43C31A709F8400FF682C /* SCRecorder.m in Sources */,
				D17B43C61A709F8400FF682C /* SCRecorderTools.m in Sources */,
				D17B43BF1A709F8400FF682C /* SCImageView.m in Sources */,
				D17B43BA1A709F8400FF682C /* SCAudioConfiguration.m in Sources */,
				D17B43C81A709F8400FF682C /* SCSampleBufferHolder.m in Sources */,
				D17B43C91A709F8400FF682C /* SCSwipeableFilterView.m in Sources */,
				D1CF80261AA8B459008D6138 /* LikesTableViewController.m in Sources */,
				D188582D1A8413A400CC2B56 /* HomeViewController.m in Sources */,
				D13754B11A5DA373001D0E9E /* Train.xcdatamodeld in Sources */,
				D17B43C41A709F8400FF682C /* SCRecorderFocusTargetView.m in Sources */,
			);
			runOnlyForDeploymentPostprocessing = 0;
		};
		D13754BD1A5DA373001D0E9E /* Sources */ = {
			isa = PBXSourcesBuildPhase;
			buildActionMask = 2147483647;
			files = (
				D13754C81A5DA373001D0E9E /* TrainTests.m in Sources */,
			);
			runOnlyForDeploymentPostprocessing = 0;
		};
/* End PBXSourcesBuildPhase section */

/* Begin PBXTargetDependency section */
		D13754C31A5DA373001D0E9E /* PBXTargetDependency */ = {
			isa = PBXTargetDependency;
			target = D13754A41A5DA372001D0E9E /* Train */;
			targetProxy = D13754C21A5DA373001D0E9E /* PBXContainerItemProxy */;
		};
/* End PBXTargetDependency section */

/* Begin PBXVariantGroup section */
		D13754B51A5DA373001D0E9E /* Main.storyboard */ = {
			isa = PBXVariantGroup;
			children = (
				D13754B61A5DA373001D0E9E /* Base */,
			);
			name = Main.storyboard;
			sourceTree = "<group>";
		};
/* End PBXVariantGroup section */

/* Begin XCBuildConfiguration section */
		D13754C91A5DA373001D0E9E /* Debug */ = {
			isa = XCBuildConfiguration;
			buildSettings = {
				ALWAYS_SEARCH_USER_PATHS = NO;
				CLANG_CXX_LANGUAGE_STANDARD = "gnu++0x";
				CLANG_CXX_LIBRARY = "libc++";
				CLANG_ENABLE_MODULES = YES;
				CLANG_ENABLE_OBJC_ARC = YES;
				CLANG_WARN_BOOL_CONVERSION = YES;
				CLANG_WARN_CONSTANT_CONVERSION = YES;
				CLANG_WARN_DIRECT_OBJC_ISA_USAGE = YES_ERROR;
				CLANG_WARN_EMPTY_BODY = YES;
				CLANG_WARN_ENUM_CONVERSION = YES;
				CLANG_WARN_INT_CONVERSION = YES;
				CLANG_WARN_OBJC_ROOT_CLASS = YES_ERROR;
				CLANG_WARN_UNREACHABLE_CODE = YES;
				CLANG_WARN__DUPLICATE_METHOD_MATCH = YES;
				"CODE_SIGN_IDENTITY[sdk=iphoneos*]" = "iPhone Developer";
				COPY_PHASE_STRIP = NO;
				ENABLE_STRICT_OBJC_MSGSEND = YES;
				GCC_C_LANGUAGE_STANDARD = gnu99;
				GCC_DYNAMIC_NO_PIC = NO;
				GCC_OPTIMIZATION_LEVEL = 0;
				GCC_PREPROCESSOR_DEFINITIONS = (
					"DEBUG=1",
					"$(inherited)",
				);
				GCC_SYMBOLS_PRIVATE_EXTERN = NO;
				GCC_WARN_64_TO_32_BIT_CONVERSION = YES;
				GCC_WARN_ABOUT_RETURN_TYPE = YES_ERROR;
				GCC_WARN_UNDECLARED_SELECTOR = YES;
				GCC_WARN_UNINITIALIZED_AUTOS = YES_AGGRESSIVE;
				GCC_WARN_UNUSED_FUNCTION = YES;
				GCC_WARN_UNUSED_VARIABLE = YES;
				IPHONEOS_DEPLOYMENT_TARGET = 8.1;
				MTL_ENABLE_DEBUG_INFO = YES;
				ONLY_ACTIVE_ARCH = YES;
				SDKROOT = iphoneos;
			};
			name = Debug;
		};
		D13754CA1A5DA373001D0E9E /* Release */ = {
			isa = XCBuildConfiguration;
			buildSettings = {
				ALWAYS_SEARCH_USER_PATHS = NO;
				CLANG_CXX_LANGUAGE_STANDARD = "gnu++0x";
				CLANG_CXX_LIBRARY = "libc++";
				CLANG_ENABLE_MODULES = YES;
				CLANG_ENABLE_OBJC_ARC = YES;
				CLANG_WARN_BOOL_CONVERSION = YES;
				CLANG_WARN_CONSTANT_CONVERSION = YES;
				CLANG_WARN_DIRECT_OBJC_ISA_USAGE = YES_ERROR;
				CLANG_WARN_EMPTY_BODY = YES;
				CLANG_WARN_ENUM_CONVERSION = YES;
				CLANG_WARN_INT_CONVERSION = YES;
				CLANG_WARN_OBJC_ROOT_CLASS = YES_ERROR;
				CLANG_WARN_UNREACHABLE_CODE = YES;
				CLANG_WARN__DUPLICATE_METHOD_MATCH = YES;
				"CODE_SIGN_IDENTITY[sdk=iphoneos*]" = "iPhone Developer";
				COPY_PHASE_STRIP = YES;
				ENABLE_NS_ASSERTIONS = NO;
				ENABLE_STRICT_OBJC_MSGSEND = YES;
				GCC_C_LANGUAGE_STANDARD = gnu99;
				GCC_WARN_64_TO_32_BIT_CONVERSION = YES;
				GCC_WARN_ABOUT_RETURN_TYPE = YES_ERROR;
				GCC_WARN_UNDECLARED_SELECTOR = YES;
				GCC_WARN_UNINITIALIZED_AUTOS = YES_AGGRESSIVE;
				GCC_WARN_UNUSED_FUNCTION = YES;
				GCC_WARN_UNUSED_VARIABLE = YES;
				IPHONEOS_DEPLOYMENT_TARGET = 8.1;
				MTL_ENABLE_DEBUG_INFO = NO;
				SDKROOT = iphoneos;
				VALIDATE_PRODUCT = YES;
			};
			name = Release;
		};
		D13754CC1A5DA373001D0E9E /* Debug */ = {
			isa = XCBuildConfiguration;
			buildSettings = {
				ASSETCATALOG_COMPILER_APPICON_NAME = AppIcon;
				ASSETCATALOG_COMPILER_LAUNCHIMAGE_NAME = LaunchImage;
				CODE_SIGN_IDENTITY = "iPhone Developer";
				"CODE_SIGN_IDENTITY[sdk=iphoneos*]" = "iPhone Developer";
				FRAMEWORK_SEARCH_PATHS = (
					"$(inherited)",
					"$(PROJECT_DIR)",
				);
				INFOPLIST_FILE = Train/Info.plist;
				IPHONEOS_DEPLOYMENT_TARGET = 7.0;
				LD_RUNPATH_SEARCH_PATHS = "$(inherited) @executable_path/Frameworks";
				PRODUCT_NAME = "$(TARGET_NAME)";
				PROVISIONING_PROFILE = "";
			};
			name = Debug;
		};
		D13754CD1A5DA373001D0E9E /* Release */ = {
			isa = XCBuildConfiguration;
			buildSettings = {
				ASSETCATALOG_COMPILER_APPICON_NAME = AppIcon;
				ASSETCATALOG_COMPILER_LAUNCHIMAGE_NAME = LaunchImage;
				CODE_SIGN_IDENTITY = "iPhone Developer";
				"CODE_SIGN_IDENTITY[sdk=iphoneos*]" = "iPhone Developer";
				FRAMEWORK_SEARCH_PATHS = (
					"$(inherited)",
					"$(PROJECT_DIR)",
				);
				INFOPLIST_FILE = Train/Info.plist;
				IPHONEOS_DEPLOYMENT_TARGET = 7.0;
				LD_RUNPATH_SEARCH_PATHS = "$(inherited) @executable_path/Frameworks";
				PRODUCT_NAME = "$(TARGET_NAME)";
				PROVISIONING_PROFILE = "";
			};
			name = Release;
		};
		D13754CF1A5DA373001D0E9E /* Debug */ = {
			isa = XCBuildConfiguration;
			buildSettings = {
				BUNDLE_LOADER = "$(TEST_HOST)";
				FRAMEWORK_SEARCH_PATHS = (
					"$(SDKROOT)/Developer/Library/Frameworks",
					"$(inherited)",
				);
				GCC_PREPROCESSOR_DEFINITIONS = (
					"DEBUG=1",
					"$(inherited)",
				);
				INFOPLIST_FILE = TrainTests/Info.plist;
				LD_RUNPATH_SEARCH_PATHS = "$(inherited) @executable_path/Frameworks @loader_path/Frameworks";
				PRODUCT_NAME = "$(TARGET_NAME)";
				TEST_HOST = "$(BUILT_PRODUCTS_DIR)/Train.app/Train";
			};
			name = Debug;
		};
		D13754D01A5DA373001D0E9E /* Release */ = {
			isa = XCBuildConfiguration;
			buildSettings = {
				BUNDLE_LOADER = "$(TEST_HOST)";
				FRAMEWORK_SEARCH_PATHS = (
					"$(SDKROOT)/Developer/Library/Frameworks",
					"$(inherited)",
				);
				INFOPLIST_FILE = TrainTests/Info.plist;
				LD_RUNPATH_SEARCH_PATHS = "$(inherited) @executable_path/Frameworks @loader_path/Frameworks";
				PRODUCT_NAME = "$(TARGET_NAME)";
				TEST_HOST = "$(BUILT_PRODUCTS_DIR)/Train.app/Train";
			};
			name = Release;
		};
/* End XCBuildConfiguration section */

/* Begin XCConfigurationList section */
		D13754A01A5DA372001D0E9E /* Build configuration list for PBXProject "Train" */ = {
			isa = XCConfigurationList;
			buildConfigurations = (
				D13754C91A5DA373001D0E9E /* Debug */,
				D13754CA1A5DA373001D0E9E /* Release */,
			);
			defaultConfigurationIsVisible = 0;
			defaultConfigurationName = Release;
		};
		D13754CB1A5DA373001D0E9E /* Build configuration list for PBXNativeTarget "Train" */ = {
			isa = XCConfigurationList;
			buildConfigurations = (
				D13754CC1A5DA373001D0E9E /* Debug */,
				D13754CD1A5DA373001D0E9E /* Release */,
			);
			defaultConfigurationIsVisible = 0;
			defaultConfigurationName = Release;
		};
		D13754CE1A5DA373001D0E9E /* Build configuration list for PBXNativeTarget "TrainTests" */ = {
			isa = XCConfigurationList;
			buildConfigurations = (
				D13754CF1A5DA373001D0E9E /* Debug */,
				D13754D01A5DA373001D0E9E /* Release */,
			);
			defaultConfigurationIsVisible = 0;
			defaultConfigurationName = Release;
		};
/* End XCConfigurationList section */

/* Begin XCVersionGroup section */
		D13754AF1A5DA373001D0E9E /* Train.xcdatamodeld */ = {
			isa = XCVersionGroup;
			children = (
				D13754B01A5DA373001D0E9E /* Train.xcdatamodel */,
			);
			currentVersion = D13754B01A5DA373001D0E9E /* Train.xcdatamodel */;
			path = Train.xcdatamodeld;
			sourceTree = "<group>";
			versionGroupType = wrapper.xcdatamodel;
		};
/* End XCVersionGroup section */
	};
	rootObject = D137549D1A5DA372001D0E9E /* Project object */;
}
